
Microsoft Visual Studio Solution File, Format Version 12.00
# Visual Studio Version 17
VisualStudioVersion = 17.4.33110.190
MinimumVisualStudioVersion = 10.0.40219.1
Project("{9A19103F-16F7-4668-BE54-9A1E7A4F7556}") = "WebApplication1", "WebApplication1\WebApplication1.csproj", "{E2FE8252-C16B-47C1-98BA-7F547780E231}"
EndProject
Project("{FAE04EC0-301F-11D3-BF4B-00C04F79EFBC}") = "WebApplication1Tests", "WebApplication1Tests\WebApplication1Tests.csproj", "{1F84BDA2-1539-4F4A-8F5E-84FC9B690AE6}"
EndProject
Global
	GlobalSection(SolutionConfigurationPlatforms) = preSolution
		Debug|Any CPU = Debug|Any CPU
		Release|Any CPU = Release|Any CPU
	EndGlobalSection
	GlobalSection(ProjectConfigurationPlatforms) = postSolution
		{E2FE8252-C16B-47C1-98BA-7F547780E231}.Debug|Any CPU.ActiveCfg = Debug|Any CPU
		{E2FE8252-C16B-47C1-98BA-7F547780E231}.Debug|Any CPU.Build.0 = Debug|Any CPU
		{E2FE8252-C16B-47C1-98BA-7F547780E231}.Release|Any CPU.ActiveCfg = Release|Any CPU
		{E2FE8252-C16B-47C1-98BA-7F547780E231}.Release|Any CPU.Build.0 = Release|Any CPU
		{1F84BDA2-1539-4F4A-8F5E-84FC9B690AE6}.Debug|Any CPU.ActiveCfg = Debug|Any CPU
		{1F84BDA2-1539-4F4A-8F5E-84FC9B690AE6}.Debug|Any CPU.Build.0 = Debug|Any CPU
		{1F84BDA2-1539-4F4A-8F5E-84FC9B690AE6}.Release|Any CPU.ActiveCfg = Release|Any CPU
		{1F84BDA2-1539-4F4A-8F5E-84FC9B690AE6}.Release|Any CPU.Build.0 = Release|Any CPU
	EndGlobalSection
	GlobalSection(SolutionProperties) = preSolution
		HideSolutionNode = FALSE
	EndGlobalSection
	GlobalSection(ExtensibilityGlobals) = postSolution
		SolutionGuid = {2E8E3D22-A41F-42C6-9447-6A7F69BFDBA6}
	EndGlobalSection
EndGlobal
